<?xml version="1.0" encoding="utf-8"?>
<Project ToolsVersion="4.0" xmlns="http://schemas.microsoft.com/developer/msbuild/2003">
  <ItemGroup>
    <Filter Include="KrustyKrEngine">
      <UniqueIdentifier>{4A8CB013-365A-A419-1FEE-14400B5B807E}</UniqueIdentifier>
    </Filter>
    <Filter Include="KrustyKrEngine\Events">
      <UniqueIdentifier>{EE409824-5AAD-531F-23A1-EB7C8FCC7587}</UniqueIdentifier>
    </Filter>
  </ItemGroup>
  <ItemGroup>
    <ClInclude Include="src\KrustyKrEngine.h" />
    <ClInclude Include="src\KrustyKrEngine\Application.h">
      <Filter>KrustyKrEngine</Filter>
    </ClInclude>
    <ClInclude Include="src\KrustyKrEngine\Core.h">
      <Filter>KrustyKrEngine</Filter>
    </ClInclude>
    <ClInclude Include="src\KrustyKrEngine\EntryPoint.h">
      <Filter>KrustyKrEngine</Filter>
    </ClInclude>
    <ClInclude Include="src\KrustyKrEngine\Events\ApplicationEvent.h">
      <Filter>KrustyKrEngine\Events</Filter>
    </ClInclude>
    <ClInclude Include="src\KrustyKrEngine\Events\Event.h">
      <Filter>KrustyKrEngine\Events</Filter>
    </ClInclude>
    <ClInclude Include="src\KrustyKrEngine\Events\KeyEvent.h">
      <Filter>KrustyKrEngine\Events</Filter>
    </ClInclude>
    <ClInclude Include="src\KrustyKrEngine\Events\MouseEvent.h">
      <Filter>KrustyKrEngine\Events</Filter>
    </ClInclude>
    <ClInclude Include="src\KrustyKrEngine\Log.h">
      <Filter>KrustyKrEngine</Filter>
    </ClInclude>
    <ClInclude Include="src\kkpch.h" />
  </ItemGroup>
  <ItemGroup>
    <ClCompile Include="src\KrustyKrEngine\Application.cpp">
      <Filter>KrustyKrEngine</Filter>
    </ClCompile>
    <ClCompile Include="src\KrustyKrEngine\Log.cpp">
      <Filter>KrustyKrEngine</Filter>
    </ClCompile>
    <ClCompile Include="src\kkpch.cpp" />
  </ItemGroup>
</Project>